github.com/cool9850311/lal-StreamPlatformLite v0.37.4 h1:yq1PuuHfyzOjGLsZOZIorI+FcmgKSJKEitG9rYAMpYk=
github.com/cool9850311/lal-StreamPlatformLite v0.37.4/go.mod h1:DNDsCng/5dZOira1v6Z/yR45l5K4+EmPC4BqciZGdgQ=
github.com/q191201771/naza v0.30.48 h1:lbYUaa7A15kJKYwOiU4AbFS1Zo8oQwppl2tLEbJTqnw=
github.com/q191201771/naza v0.30.48/go.mod h1:n+dpJjQSh90PxBwxBNuifOwQttywvSIN5TkWSSYCeBk=
github.com/q191201771/naza v0.30.49 h1:s1961+B6QW9arffMwn1t1KYcbQTqsNx4DyxvoV90FQk=
github.com/q191201771/naza v0.30.49/go.mod h1:n+dpJjQSh90PxBwxBNuifOwQttywvSIN5TkWSSYCeBk=
